// !$*UTF8*$!
{
	archiveVersion = 1;
	classes = {
	};
	objectVersion = 77;
	objects = {

/* Begin PBXContainerItemProxy section */
		84A639B62DBA53AA00567870 /* PBXContainerItemProxy */ = {
			isa = PBXContainerItemProxy;
			containerPortal = 84A639972DBA53A900567870 /* Project object */;
			proxyType = 1;
			remoteGlobalIDString = 84A6399E2DBA53A900567870;
			remoteInfo = AlgoriddimChallenge;
		};
		84A639C02DBA53AA00567870 /* PBXContainerItemProxy */ = {
			isa = PBXContainerItemProxy;
			containerPortal = 84A639972DBA53A900567870 /* Project object */;
			proxyType = 1;
			remoteGlobalIDString = 84A6399E2DBA53A900567870;
			remoteInfo = AlgoriddimChallenge;
		};
/* End PBXContainerItemProxy section */

/* Begin PBXFileReference section */
		84A6399F2DBA53A900567870 /* djay Challenge.app */ = {isa = PBXFileReference; explicitFileType = wrapper.application; includeInIndex = 0; path = "djay Challenge.app"; sourceTree = BUILT_PRODUCTS_DIR; };
		84A639B52DBA53AA00567870 /* AlgoriddimChallengeTests.xctest */ = {isa = PBXFileReference; explicitFileType = wrapper.cfbundle; includeInIndex = 0; path = AlgoriddimChallengeTests.xctest; sourceTree = BUILT_PRODUCTS_DIR; };
		84A639BF2DBA53AA00567870 /* AlgoriddimChallengeUITests.xctest */ = {isa = PBXFileReference; explicitFileType = wrapper.cfbundle; includeInIndex = 0; path = AlgoriddimChallengeUITests.xctest; sourceTree = BUILT_PRODUCTS_DIR; };
/* End PBXFileReference section */

/* Begin PBXFileSystemSynchronizedBuildFileExceptionSet section */
		84A639C72DBA53AA00567870 /* Exceptions for "AlgoriddimChallenge" folder in "AlgoriddimChallenge" target */ = {
			isa = PBXFileSystemSynchronizedBuildFileExceptionSet;
			membershipExceptions = (
				Info.plist,
			);
			target = 84A6399E2DBA53A900567870 /* AlgoriddimChallenge */;
		};
/* End PBXFileSystemSynchronizedBuildFileExceptionSet section */

/* Begin PBXFileSystemSynchronizedRootGroup section */
		84A639A12DBA53A900567870 /* AlgoriddimChallenge */ = {
			isa = PBXFileSystemSynchronizedRootGroup;
			exceptions = (
				84A639C72DBA53AA00567870 /* Exceptions for "AlgoriddimChallenge" folder in "AlgoriddimChallenge" target */,
			);
			path = AlgoriddimChallenge;
			sourceTree = "<group>";
		};
		84A639B82DBA53AA00567870 /* AlgoriddimChallengeTests */ = {
			isa = PBXFileSystemSynchronizedRootGroup;
			path = AlgoriddimChallengeTests;
			sourceTree = "<group>";
		};
		84A639C22DBA53AA00567870 /* AlgoriddimChallengeUITests */ = {
			isa = PBXFileSystemSynchronizedRootGroup;
			path = AlgoriddimChallengeUITests;
			sourceTree = "<group>";
		};
/* End PBXFileSystemSynchronizedRootGroup section */

/* Begin PBXFrameworksBuildPhase section */
		84A6399C2DBA53A900567870 /* Frameworks */ = {
			isa = PBXFrameworksBuildPhase;
			buildActionMask = 2147483647;
			files = (
			);
			runOnlyForDeploymentPostprocessing = 0;
		};
		84A639B22DBA53AA00567870 /* Frameworks */ = {
			isa = PBXFrameworksBuildPhase;
			buildActionMask = 2147483647;
			files = (
			);
			runOnlyForDeploymentPostprocessing = 0;
		};
		84A639BC2DBA53AA00567870 /* Frameworks */ = {
			isa = PBXFrameworksBuildPhase;
			buildActionMask = 2147483647;
			files = (
			);
			runOnlyForDeploymentPostprocessing = 0;
		};
/* End PBXFrameworksBuildPhase section */

/* Begin PBXGroup section */
		84A639962DBA53A900567870 = {
			isa = PBXGroup;
			children = (
				84A639A12DBA53A900567870 /* AlgoriddimChallenge */,
				84A639B82DBA53AA00567870 /* AlgoriddimChallengeTests */,
				84A639C22DBA53AA00567870 /* AlgoriddimChallengeUITests */,
				84A639A02DBA53A900567870 /* Products */,
			);
			sourceTree = "<group>";
		};
		84A639A02DBA53A900567870 /* Products */ = {
			isa = PBXGroup;
			children = (
				84A6399F2DBA53A900567870 /* djay Challenge.app */,
				84A639B52DBA53AA00567870 /* AlgoriddimChallengeTests.xctest */,
				84A639BF2DBA53AA00567870 /* AlgoriddimChallengeUITests.xctest */,
			);
			name = Products;
			sourceTree = "<group>";
		};
/* End PBXGroup section */

/* Begin PBXNativeTarget section */
		84A6399E2DBA53A900567870 /* AlgoriddimChallenge */ = {
			isa = PBXNativeTarget;
			buildConfigurationList = 84A639C82DBA53AA00567870 /* Build configuration list for PBXNativeTarget "AlgoriddimChallenge" */;
			buildPhases = (
				84A6399B2DBA53A900567870 /* Sources */,
				84A6399C2DBA53A900567870 /* Frameworks */,
				84A6399D2DBA53A900567870 /* Resources */,
				84A639E72DBA5B6200567870 /* ShellScript */,
			);
			buildRules = (
			);
			dependencies = (
			);
			fileSystemSynchronizedGroups = (
				84A639A12DBA53A900567870 /* AlgoriddimChallenge */,
			);
			name = AlgoriddimChallenge;
			packageProductDependencies = (
			);
			productName = AlgoriddimChallenge;
			productReference = 84A6399F2DBA53A900567870 /* djay Challenge.app */;
			productType = "com.apple.product-type.application";
		};
		84A639B42DBA53AA00567870 /* AlgoriddimChallengeTests */ = {
			isa = PBXNativeTarget;
			buildConfigurationList = 84A639CD2DBA53AA00567870 /* Build configuration list for PBXNativeTarget "AlgoriddimChallengeTests" */;
			buildPhases = (
				84A639B12DBA53AA00567870 /* Sources */,
				84A639B22DBA53AA00567870 /* Frameworks */,
				84A639B32DBA53AA00567870 /* Resources */,
			);
			buildRules = (
			);
			dependencies = (
				84A639B72DBA53AA00567870 /* PBXTargetDependency */,
			);
			fileSystemSynchronizedGroups = (
				84A639B82DBA53AA00567870 /* AlgoriddimChallengeTests */,
			);
			name = AlgoriddimChallengeTests;
			packageProductDependencies = (
			);
			productName = AlgoriddimChallengeTests;
			productReference = 84A639B52DBA53AA00567870 /* AlgoriddimChallengeTests.xctest */;
			productType = "com.apple.product-type.bundle.unit-test";
		};
		84A639BE2DBA53AA00567870 /* AlgoriddimChallengeUITests */ = {
			isa = PBXNativeTarget;
			buildConfigurationList = 84A639D02DBA53AA00567870 /* Build configuration list for PBXNativeTarget "AlgoriddimChallengeUITests" */;
			buildPhases = (
				84A639BB2DBA53AA00567870 /* Sources */,
				84A639BC2DBA53AA00567870 /* Frameworks */,
				84A639BD2DBA53AA00567870 /* Resources */,
			);
			buildRules = (
			);
			dependencies = (
				84A639C12DBA53AA00567870 /* PBXTargetDependency */,
			);
			fileSystemSynchronizedGroups = (
				84A639C22DBA53AA00567870 /* AlgoriddimChallengeUITests */,
			);
			name = AlgoriddimChallengeUITests;
			packageProductDependencies = (
			);
			productName = AlgoriddimChallengeUITests;
			productReference = 84A639BF2DBA53AA00567870 /* AlgoriddimChallengeUITests.xctest */;
			productType = "com.apple.product-type.bundle.ui-testing";
		};
/* End PBXNativeTarget section */

/* Begin PBXProject section */
		84A639972DBA53A900567870 /* Project object */ = {
			isa = PBXProject;
			attributes = {
				BuildIndependentTargetsInParallel = 1;
				LastSwiftUpdateCheck = 1630;
				LastUpgradeCheck = 1630;
				TargetAttributes = {
					84A6399E2DBA53A900567870 = {
						CreatedOnToolsVersion = 16.3;
					};
					84A639B42DBA53AA00567870 = {
						CreatedOnToolsVersion = 16.3;
						TestTargetID = 84A6399E2DBA53A900567870;
					};
					84A639BE2DBA53AA00567870 = {
						CreatedOnToolsVersion = 16.3;
						TestTargetID = 84A6399E2DBA53A900567870;
					};
				};
			};
			buildConfigurationList = 84A6399A2DBA53A900567870 /* Build configuration list for PBXProject "AlgoriddimChallenge" */;
			developmentRegion = en;
			hasScannedForEncodings = 0;
			knownRegions = (
				en,
				Base,
			);
			mainGroup = 84A639962DBA53A900567870;
			minimizedProjectReferenceProxies = 1;
			packageReferences = (
				84A639E62DBA5AB600567870 /* XCRemoteSwiftPackageReference "SwiftLintPlugins" */,
			);
			preferredProjectObjectVersion = 77;
			productRefGroup = 84A639A02DBA53A900567870 /* Products */;
			projectDirPath = "";
			projectRoot = "";
			targets = (
				84A6399E2DBA53A900567870 /* AlgoriddimChallenge */,
				84A639B42DBA53AA00567870 /* AlgoriddimChallengeTests */,
				84A639BE2DBA53AA00567870 /* AlgoriddimChallengeUITests */,
			);
		};
/* End PBXProject section */

/* Begin PBXResourcesBuildPhase section */
		84A6399D2DBA53A900567870 /* Resources */ = {
			isa = PBXResourcesBuildPhase;
			buildActionMask = 2147483647;
			files = (
			);
			runOnlyForDeploymentPostprocessing = 0;
		};
		84A639B32DBA53AA00567870 /* Resources */ = {
			isa = PBXResourcesBuildPhase;
			buildActionMask = 2147483647;
			files = (
			);
			runOnlyForDeploymentPostprocessing = 0;
		};
		84A639BD2DBA53AA00567870 /* Resources */ = {
			isa = PBXResourcesBuildPhase;
			buildActionMask = 2147483647;
			files = (
			);
			runOnlyForDeploymentPostprocessing = 0;
		};
/* End PBXResourcesBuildPhase section */

/* Begin PBXShellScriptBuildPhase section */
		84A639E72DBA5B6200567870 /* ShellScript */ = {
			isa = PBXShellScriptBuildPhase;
			alwaysOutOfDate = 1;
			buildActionMask = 2147483647;
			files = (
			);
			inputFileListPaths = (
			);
			inputPaths = (
			);
			outputFileListPaths = (
			);
			outputPaths = (
			);
			runOnlyForDeploymentPostprocessing = 0;
			shellPath = /bin/sh;
			shellScript = "SWIFT_PACKAGE_DIR=\"${BUILD_DIR%Build/*}SourcePackages/artifacts\"\nSWIFTLINT_CMD=$(ls \"$SWIFT_PACKAGE_DIR\"/swiftlintplugins/SwiftLintBinary/SwiftLintBinary.artifactbundle/swiftlint-*-macos/bin/swiftlint | head -n 1)\n\nif test -f \"$SWIFTLINT_CMD\" 2>&1\nthen\n    \"$SWIFTLINT_CMD\"\nelse\n    echo \"warning: `swiftlint` command not found - See https://github.com/realm/SwiftLint#installation for installation instructions.\"\nfi\n";
		};
/* End PBXShellScriptBuildPhase section */

/* Begin PBXSourcesBuildPhase section */
		84A6399B2DBA53A900567870 /* Sources */ = {
			isa = PBXSourcesBuildPhase;
			buildActionMask = 2147483647;
			files = (
			);
			runOnlyForDeploymentPostprocessing = 0;
		};
		84A639B12DBA53AA00567870 /* Sources */ = {
			isa = PBXSourcesBuildPhase;
			buildActionMask = 2147483647;
			files = (
			);
			runOnlyForDeploymentPostprocessing = 0;
		};
		84A639BB2DBA53AA00567870 /* Sources */ = {
			isa = PBXSourcesBuildPhase;
			buildActionMask = 2147483647;
			files = (
			);
			runOnlyForDeploymentPostprocessing = 0;
		};
/* End PBXSourcesBuildPhase section */

/* Begin PBXTargetDependency section */
		84A639B72DBA53AA00567870 /* PBXTargetDependency */ = {
			isa = PBXTargetDependency;
			target = 84A6399E2DBA53A900567870 /* AlgoriddimChallenge */;
			targetProxy = 84A639B62DBA53AA00567870 /* PBXContainerItemProxy */;
		};
		84A639C12DBA53AA00567870 /* PBXTargetDependency */ = {
			isa = PBXTargetDependency;
			target = 84A6399E2DBA53A900567870 /* AlgoriddimChallenge */;
			targetProxy = 84A639C02DBA53AA00567870 /* PBXContainerItemProxy */;
		};
/* End PBXTargetDependency section */

/* Begin XCBuildConfiguration section */
		84A639C92DBA53AA00567870 /* Debug */ = {
			isa = XCBuildConfiguration;
			buildSettings = {
				ASSETCATALOG_COMPILER_APPICON_NAME = AppIcon;
				ASSETCATALOG_COMPILER_GLOBAL_ACCENT_COLOR_NAME = AccentColor;
				CODE_SIGN_STYLE = Automatic;
				CURRENT_PROJECT_VERSION = 1;
				DEVELOPMENT_TEAM = 44DMMFA3SQ;
				ENABLE_USER_SCRIPT_SANDBOXING = NO;
				GENERATE_INFOPLIST_FILE = YES;
				INFOPLIST_FILE = AlgoriddimChallenge/Info.plist;
				INFOPLIST_KEY_LSApplicationCategoryType = "public.app-category.music";
				INFOPLIST_KEY_UIApplicationSupportsIndirectInputEvents = YES;
				INFOPLIST_KEY_UILaunchStoryboardName = LaunchScreen;
				INFOPLIST_KEY_UISupportedInterfaceOrientations = "UIInterfaceOrientationLandscapeLeft UIInterfaceOrientationLandscapeRight UIInterfaceOrientationPortrait UIInterfaceOrientationPortraitUpsideDown";
				IPHONEOS_DEPLOYMENT_TARGET = 15.0;
				LD_RUNPATH_SEARCH_PATHS = (
					"$(inherited)",
					"@executable_path/Frameworks",
				);
				MARKETING_VERSION = 1.0;
				PRODUCT_BUNDLE_IDENTIFIER = com.luciavmf.AlgoriddimChallenge;
				PRODUCT_NAME = "djay Challenge";
				SUPPORTED_PLATFORMS = "iphoneos iphonesimulator";
				SUPPORTS_MACCATALYST = NO;
				SUPPORTS_MAC_DESIGNED_FOR_IPHONE_IPAD = NO;
				SUPPORTS_XR_DESIGNED_FOR_IPHONE_IPAD = NO;
				SWIFT_EMIT_LOC_STRINGS = YES;
				SWIFT_VERSION = 6.0;
				TARGETED_DEVICE_FAMILY = "1,2";
			};
			name = Debug;
		};
		84A639CA2DBA53AA00567870 /* Release */ = {
			isa = XCBuildConfiguration;
			buildSettings = {
				ASSETCATALOG_COMPILER_APPICON_NAME = AppIcon;
				ASSETCATALOG_COMPILER_GLOBAL_ACCENT_COLOR_NAME = AccentColor;
				CODE_SIGN_STYLE = Automatic;
				CURRENT_PROJECT_VERSION = 1;
				DEVELOPMENT_TEAM = 44DMMFA3SQ;
				ENABLE_USER_SCRIPT_SANDBOXING = NO;
				GENERATE_INFOPLIST_FILE = YES;
				INFOPLIST_FILE = AlgoriddimChallenge/Info.plist;
				INFOPLIST_KEY_LSApplicationCategoryType = "public.app-category.music";
				INFOPLIST_KEY_UIApplicationSupportsIndirectInputEvents = YES;
				INFOPLIST_KEY_UILaunchStoryboardName = LaunchScreen;
				INFOPLIST_KEY_UISupportedInterfaceOrientations = "UIInterfaceOrientationLandscapeLeft UIInterfaceOrientationLandscapeRight UIInterfaceOrientationPortrait UIInterfaceOrientationPortraitUpsideDown";
				IPHONEOS_DEPLOYMENT_TARGET = 15.0;
				LD_RUNPATH_SEARCH_PATHS = (
					"$(inherited)",
					"@executable_path/Frameworks",
				);
				MARKETING_VERSION = 1.0;
				PRODUCT_BUNDLE_IDENTIFIER = com.luciavmf.AlgoriddimChallenge;
				PRODUCT_NAME = "djay Challenge";
				SUPPORTED_PLATFORMS = "iphoneos iphonesimulator";
				SUPPORTS_MACCATALYST = NO;
				SUPPORTS_MAC_DESIGNED_FOR_IPHONE_IPAD = NO;
				SUPPORTS_XR_DESIGNED_FOR_IPHONE_IPAD = NO;
				SWIFT_EMIT_LOC_STRINGS = YES;
				SWIFT_VERSION = 6.0;
				TARGETED_DEVICE_FAMILY = "1,2";
			};
			name = Release;
		};
		84A639CB2DBA53AA00567870 /* Debug */ = {
			isa = XCBuildConfiguration;
			buildSettings = {
				ALWAYS_SEARCH_USER_PATHS = NO;
				ASSETCATALOG_COMPILER_GENERATE_SWIFT_ASSET_SYMBOL_EXTENSIONS = YES;
				CLANG_ANALYZER_NONNULL = YES;
				CLANG_ANALYZER_NUMBER_OBJECT_CONVERSION = YES_AGGRESSIVE;
				CLANG_CXX_LANGUAGE_STANDARD = "gnu++20";
				CLANG_ENABLE_MODULES = YES;
				CLANG_ENABLE_OBJC_ARC = YES;
				CLANG_ENABLE_OBJC_WEAK = YES;
				CLANG_WARN_BLOCK_CAPTURE_AUTORELEASING = YES;
				CLANG_WARN_BOOL_CONVERSION = YES;
				CLANG_WARN_COMMA = YES;
				CLANG_WARN_CONSTANT_CONVERSION = YES;
				CLANG_WARN_DEPRECATED_OBJC_IMPLEMENTATIONS = YES;
				CLANG_WARN_DIRECT_OBJC_ISA_USAGE = YES_ERROR;
				CLANG_WARN_DOCUMENTATION_COMMENTS = YES;
				CLANG_WARN_EMPTY_BODY = YES;
				CLANG_WARN_ENUM_CONVERSION = YES;
				CLANG_WARN_INFINITE_RECURSION = YES;
				CLANG_WARN_INT_CONVERSION = YES;
				CLANG_WARN_NON_LITERAL_NULL_CONVERSION = YES;
				CLANG_WARN_OBJC_IMPLICIT_RETAIN_SELF = YES;
				CLANG_WARN_OBJC_LITERAL_CONVERSION = YES;
				CLANG_WARN_OBJC_ROOT_CLASS = YES_ERROR;
				CLANG_WARN_QUOTED_INCLUDE_IN_FRAMEWORK_HEADER = YES;
				CLANG_WARN_RANGE_LOOP_ANALYSIS = YES;
				CLANG_WARN_STRICT_PROTOTYPES = YES;
				CLANG_WARN_SUSPICIOUS_MOVE = YES;
				CLANG_WARN_UNGUARDED_AVAILABILITY = YES_AGGRESSIVE;
				CLANG_WARN_UNREACHABLE_CODE = YES;
				CLANG_WARN__DUPLICATE_METHOD_MATCH = YES;
				COPY_PHASE_STRIP = NO;
				DEBUG_INFORMATION_FORMAT = dwarf;
				DEVELOPMENT_TEAM = 44DMMFA3SQ;
				ENABLE_STRICT_OBJC_MSGSEND = YES;
				ENABLE_TESTABILITY = YES;
				ENABLE_USER_SCRIPT_SANDBOXING = YES;
				GCC_C_LANGUAGE_STANDARD = gnu17;
				GCC_DYNAMIC_NO_PIC = NO;
				GCC_NO_COMMON_BLOCKS = YES;
				GCC_OPTIMIZATION_LEVEL = 0;
				GCC_PREPROCESSOR_DEFINITIONS = (
					"DEBUG=1",
					"$(inherited)",
				);
				GCC_WARN_64_TO_32_BIT_CONVERSION = YES;
				GCC_WARN_ABOUT_RETURN_TYPE = YES_ERROR;
				GCC_WARN_UNDECLARED_SELECTOR = YES;
				GCC_WARN_UNINITIALIZED_AUTOS = YES_AGGRESSIVE;
				GCC_WARN_UNUSED_FUNCTION = YES;
				GCC_WARN_UNUSED_VARIABLE = YES;
				IPHONEOS_DEPLOYMENT_TARGET = 18.4;
				LOCALIZATION_PREFERS_STRING_CATALOGS = YES;
				MTL_ENABLE_DEBUG_INFO = INCLUDE_SOURCE;
				MTL_FAST_MATH = YES;
				ONLY_ACTIVE_ARCH = YES;
				SDKROOT = iphoneos;
				SWIFT_ACTIVE_COMPILATION_CONDITIONS = "DEBUG $(inherited)";
				SWIFT_OPTIMIZATION_LEVEL = "-Onone";
			};
			name = Debug;
		};
		84A639CC2DBA53AA00567870 /* Release */ = {
			isa = XCBuildConfiguration;
			buildSettings = {
				ALWAYS_SEARCH_USER_PATHS = NO;
				ASSETCATALOG_COMPILER_GENERATE_SWIFT_ASSET_SYMBOL_EXTENSIONS = YES;
				CLANG_ANALYZER_NONNULL = YES;
				CLANG_ANALYZER_NUMBER_OBJECT_CONVERSION = YES_AGGRESSIVE;
				CLANG_CXX_LANGUAGE_STANDARD = "gnu++20";
				CLANG_ENABLE_MODULES = YES;
				CLANG_ENABLE_OBJC_ARC = YES;
				CLANG_ENABLE_OBJC_WEAK = YES;
				CLANG_WARN_BLOCK_CAPTURE_AUTORELEASING = YES;
				CLANG_WARN_BOOL_CONVERSION = YES;
				CLANG_WARN_COMMA = YES;
				CLANG_WARN_CONSTANT_CONVERSION = YES;
				CLANG_WARN_DEPRECATED_OBJC_IMPLEMENTATIONS = YES;
				CLANG_WARN_DIRECT_OBJC_ISA_USAGE = YES_ERROR;
				CLANG_WARN_DOCUMENTATION_COMMENTS = YES;
				CLANG_WARN_EMPTY_BODY = YES;
				CLANG_WARN_ENUM_CONVERSION = YES;
				CLANG_WARN_INFINITE_RECURSION = YES;
				CLANG_WARN_INT_CONVERSION = YES;
				CLANG_WARN_NON_LITERAL_NULL_CONVERSION = YES;
				CLANG_WARN_OBJC_IMPLICIT_RETAIN_SELF = YES;
				CLANG_WARN_OBJC_LITERAL_CONVERSION = YES;
				CLANG_WARN_OBJC_ROOT_CLASS = YES_ERROR;
				CLANG_WARN_QUOTED_INCLUDE_IN_FRAMEWORK_HEADER = YES;
				CLANG_WARN_RANGE_LOOP_ANALYSIS = YES;
				CLANG_WARN_STRICT_PROTOTYPES = YES;
				CLANG_WARN_SUSPICIOUS_MOVE = YES;
				CLANG_WARN_UNGUARDED_AVAILABILITY = YES_AGGRESSIVE;
				CLANG_WARN_UNREACHABLE_CODE = YES;
				CLANG_WARN__DUPLICATE_METHOD_MATCH = YES;
				COPY_PHASE_STRIP = NO;
				DEBUG_INFORMATION_FORMAT = "dwarf-with-dsym";
				DEVELOPMENT_TEAM = 44DMMFA3SQ;
				ENABLE_NS_ASSERTIONS = NO;
				ENABLE_STRICT_OBJC_MSGSEND = YES;
				ENABLE_USER_SCRIPT_SANDBOXING = YES;
				GCC_C_LANGUAGE_STANDARD = gnu17;
				GCC_NO_COMMON_BLOCKS = YES;
				GCC_WARN_64_TO_32_BIT_CONVERSION = YES;
				GCC_WARN_ABOUT_RETURN_TYPE = YES_ERROR;
				GCC_WARN_UNDECLARED_SELECTOR = YES;
				GCC_WARN_UNINITIALIZED_AUTOS = YES_AGGRESSIVE;
				GCC_WARN_UNUSED_FUNCTION = YES;
				GCC_WARN_UNUSED_VARIABLE = YES;
				IPHONEOS_DEPLOYMENT_TARGET = 18.4;
				LOCALIZATION_PREFERS_STRING_CATALOGS = YES;
				MTL_ENABLE_DEBUG_INFO = NO;
				MTL_FAST_MATH = YES;
				SDKROOT = iphoneos;
				SWIFT_COMPILATION_MODE = wholemodule;
				VALIDATE_PRODUCT = YES;
			};
			name = Release;
		};
		84A639CE2DBA53AA00567870 /* Debug */ = {
			isa = XCBuildConfiguration;
			buildSettings = {
				BUNDLE_LOADER = "$(TEST_HOST)";
				CODE_SIGN_STYLE = Automatic;
				CURRENT_PROJECT_VERSION = 1;
				DEVELOPMENT_TEAM = 44DMMFA3SQ;
				GENERATE_INFOPLIST_FILE = YES;
				IPHONEOS_DEPLOYMENT_TARGET = 18.4;
				MARKETING_VERSION = 1.0;
				PRODUCT_BUNDLE_IDENTIFIER = com.luciavmf.AlgoriddimChallengeTests;
				PRODUCT_NAME = "$(TARGET_NAME)";
				SWIFT_EMIT_LOC_STRINGS = NO;
				SWIFT_VERSION = 5.0;
				TARGETED_DEVICE_FAMILY = "1,2";
				TEST_HOST = "$(BUILT_PRODUCTS_DIR)/AlgoriddimChallenge.app/$(BUNDLE_EXECUTABLE_FOLDER_PATH)/AlgoriddimChallenge";
			};
			name = Debug;
		};
		84A639CF2DBA53AA00567870 /* Release */ = {
			isa = XCBuildConfiguration;
			buildSettings = {
				BUNDLE_LOADER = "$(TEST_HOST)";
				CODE_SIGN_STYLE = Automatic;
				CURRENT_PROJECT_VERSION = 1;
				DEVELOPMENT_TEAM = 44DMMFA3SQ;
				GENERATE_INFOPLIST_FILE = YES;
				IPHONEOS_DEPLOYMENT_TARGET = 18.4;
				MARKETING_VERSION = 1.0;
				PRODUCT_BUNDLE_IDENTIFIER = com.luciavmf.AlgoriddimChallengeTests;
				PRODUCT_NAME = "$(TARGET_NAME)";
				SWIFT_EMIT_LOC_STRINGS = NO;
				SWIFT_VERSION = 5.0;
				TARGETED_DEVICE_FAMILY = "1,2";
				TEST_HOST = "$(BUILT_PRODUCTS_DIR)/AlgoriddimChallenge.app/$(BUNDLE_EXECUTABLE_FOLDER_PATH)/AlgoriddimChallenge";
			};
			name = Release;
		};
		84A639D12DBA53AA00567870 /* Debug */ = {
			isa = XCBuildConfiguration;
			buildSettings = {
				CODE_SIGN_STYLE = Automatic;
				CURRENT_PROJECT_VERSION = 1;
				DEVELOPMENT_TEAM = 44DMMFA3SQ;
				GENERATE_INFOPLIST_FILE = YES;
				MARKETING_VERSION = 1.0;
				PRODUCT_BUNDLE_IDENTIFIER = com.luciavmf.AlgoriddimChallengeUITests;
				PRODUCT_NAME = "$(TARGET_NAME)";
				SWIFT_EMIT_LOC_STRINGS = NO;
				SWIFT_VERSION = 5.0;
				TARGETED_DEVICE_FAMILY = "1,2";
				TEST_TARGET_NAME = AlgoriddimChallenge;
			};
			name = Debug;
		};
		84A639D22DBA53AA00567870 /* Release */ = {
			isa = XCBuildConfiguration;
			buildSettings = {
				CODE_SIGN_STYLE = Automatic;
				CURRENT_PROJECT_VERSION = 1;
				DEVELOPMENT_TEAM = 44DMMFA3SQ;
				GENERATE_INFOPLIST_FILE = YES;
				MARKETING_VERSION = 1.0;
				PRODUCT_BUNDLE_IDENTIFIER = com.luciavmf.AlgoriddimChallengeUITests;
				PRODUCT_NAME = "$(TARGET_NAME)";
				SWIFT_EMIT_LOC_STRINGS = NO;
				SWIFT_VERSION = 5.0;
				TARGETED_DEVICE_FAMILY = "1,2";
				TEST_TARGET_NAME = AlgoriddimChallenge;
			};
			name = Release;
		};
/* End XCBuildConfiguration section */

/* Begin XCConfigurationList section */
		84A6399A2DBA53A900567870 /* Build configuration list for PBXProject "AlgoriddimChallenge" */ = {
			isa = XCConfigurationList;
			buildConfigurations = (
				84A639CB2DBA53AA00567870 /* Debug */,
				84A639CC2DBA53AA00567870 /* Release */,
			);
			defaultConfigurationIsVisible = 0;
			defaultConfigurationName = Release;
		};
		84A639C82DBA53AA00567870 /* Build configuration list for PBXNativeTarget "AlgoriddimChallenge" */ = {
			isa = XCConfigurationList;
			buildConfigurations = (
				84A639C92DBA53AA00567870 /* Debug */,
				84A639CA2DBA53AA00567870 /* Release */,
			);
			defaultConfigurationIsVisible = 0;
			defaultConfigurationName = Release;
		};
		84A639CD2DBA53AA00567870 /* Build configuration list for PBXNativeTarget "AlgoriddimChallengeTests" */ = {
			isa = XCConfigurationList;
			buildConfigurations = (
				84A639CE2DBA53AA00567870 /* Debug */,
				84A639CF2DBA53AA00567870 /* Release */,
			);
			defaultConfigurationIsVisible = 0;
			defaultConfigurationName = Release;
		};
		84A639D02DBA53AA00567870 /* Build configuration list for PBXNativeTarget "AlgoriddimChallengeUITests" */ = {
			isa = XCConfigurationList;
			buildConfigurations = (
				84A639D12DBA53AA00567870 /* Debug */,
				84A639D22DBA53AA00567870 /* Release */,
			);
			defaultConfigurationIsVisible = 0;
			defaultConfigurationName = Release;
		};
/* End XCConfigurationList section */

/* Begin XCRemoteSwiftPackageReference section */
		84A639E62DBA5AB600567870 /* XCRemoteSwiftPackageReference "SwiftLintPlugins" */ = {
			isa = XCRemoteSwiftPackageReference;
			repositoryURL = "https://github.com/SimplyDanny/SwiftLintPlugins";
			requirement = {
				kind = upToNextMajorVersion;
				minimumVersion = 0.59.1;
			};
		};
/* End XCRemoteSwiftPackageReference section */
	};
	rootObject = 84A639972DBA53A900567870 /* Project object */;
}
